
Microsoft Visual Studio Solution File, Format Version 12.00
# Visual Studio 15
VisualStudioVersion = 15.0.28307.572
MinimumVisualStudioVersion = 10.0.40219.1
Project("{9A19103F-16F7-4668-BE54-9A1E7A4F7556}") = "SCI.COMMON", "SCI.COMMON\SCI.COMMON.csproj", "{A9E172D6-7D30-4643-8E98-87C4E0E54F4A}"
EndProject
Project("{9A19103F-16F7-4668-BE54-9A1E7A4F7556}") = "SCI.DAL", "SCI.DAL\SCI.DAL.csproj", "{6CD31BEC-F0BA-46C3-A11A-ACC9F4F59C9A}"
EndProject
Project("{FAE04EC0-301F-11D3-BF4B-00C04F79EFBC}") = "SCI.Tests", "SCI.Tests\SCI.Tests.csproj", "{2D690247-FB5F-428C-A0BA-DB3B2A0E2538}"
EndProject
Project("{FAE04EC0-301F-11D3-BF4B-00C04F79EFBC}") = "SCI.BIZ", "SCI.BIZ\SCI.BIZ.csproj", "{7C236376-572A-4D82-A86A-9EEA3520ABA0}"
EndProject
Global
	GlobalSection(SolutionConfigurationPlatforms) = preSolution
		Debug|Any CPU = Debug|Any CPU
		Release|Any CPU = Release|Any CPU
	EndGlobalSection
	GlobalSection(ProjectConfigurationPlatforms) = postSolution
		{A9E172D6-7D30-4643-8E98-87C4E0E54F4A}.Debug|Any CPU.ActiveCfg = Debug|Any CPU
		{A9E172D6-7D30-4643-8E98-87C4E0E54F4A}.Debug|Any CPU.Build.0 = Debug|Any CPU
		{A9E172D6-7D30-4643-8E98-87C4E0E54F4A}.Release|Any CPU.ActiveCfg = Release|Any CPU
		{A9E172D6-7D30-4643-8E98-87C4E0E54F4A}.Release|Any CPU.Build.0 = Release|Any CPU
		{6CD31BEC-F0BA-46C3-A11A-ACC9F4F59C9A}.Debug|Any CPU.ActiveCfg = Debug|Any CPU
		{6CD31BEC-F0BA-46C3-A11A-ACC9F4F59C9A}.Debug|Any CPU.Build.0 = Debug|Any CPU
		{6CD31BEC-F0BA-46C3-A11A-ACC9F4F59C9A}.Release|Any CPU.ActiveCfg = Release|Any CPU
		{6CD31BEC-F0BA-46C3-A11A-ACC9F4F59C9A}.Release|Any CPU.Build.0 = Release|Any CPU
		{2D690247-FB5F-428C-A0BA-DB3B2A0E2538}.Debug|Any CPU.ActiveCfg = Debug|Any CPU
		{2D690247-FB5F-428C-A0BA-DB3B2A0E2538}.Debug|Any CPU.Build.0 = Debug|Any CPU
		{2D690247-FB5F-428C-A0BA-DB3B2A0E2538}.Release|Any CPU.ActiveCfg = Release|Any CPU
		{2D690247-FB5F-428C-A0BA-DB3B2A0E2538}.Release|Any CPU.Build.0 = Release|Any CPU
		{7C236376-572A-4D82-A86A-9EEA3520ABA0}.Debug|Any CPU.ActiveCfg = Debug|Any CPU
		{7C236376-572A-4D82-A86A-9EEA3520ABA0}.Debug|Any CPU.Build.0 = Debug|Any CPU
		{7C236376-572A-4D82-A86A-9EEA3520ABA0}.Release|Any CPU.ActiveCfg = Release|Any CPU
		{7C236376-572A-4D82-A86A-9EEA3520ABA0}.Release|Any CPU.Build.0 = Release|Any CPU
	EndGlobalSection
	GlobalSection(SolutionProperties) = preSolution
		HideSolutionNode = FALSE
	EndGlobalSection
	GlobalSection(ExtensibilityGlobals) = postSolution
		SolutionGuid = {E85AF360-CAFF-4E18-8A9A-B171AFEBF4F6}
	EndGlobalSection
EndGlobal
