
Microsoft Visual Studio Solution File, Format Version 12.00
# Visual Studio 15
VisualStudioVersion = 15.0.28307.572
MinimumVisualStudioVersion = 10.0.40219.1
Project("{9A19103F-16F7-4668-BE54-9A1E7A4F7556}") = "Inventario.COMMON", "Inventario.COMMON\Inventario.COMMON.csproj", "{57A96A2E-A500-49AD-8063-21155832C6ED}"
EndProject
Project("{9A19103F-16F7-4668-BE54-9A1E7A4F7556}") = "Inventario.DAL", "Iventario.DAL\Inventario.DAL.csproj", "{844E3999-7F13-48F8-B0A1-76D586A40F1D}"
EndProject
Project("{FAE04EC0-301F-11D3-BF4B-00C04F79EFBC}") = "Inventario.BIZ", "Inventario.BIZ\Inventario.BIZ.csproj", "{81B2C0E8-33C8-4D7D-97D0-82A41B086A07}"
EndProject
Global
	GlobalSection(SolutionConfigurationPlatforms) = preSolution
		Debug|Any CPU = Debug|Any CPU
		Release|Any CPU = Release|Any CPU
	EndGlobalSection
	GlobalSection(ProjectConfigurationPlatforms) = postSolution
		{57A96A2E-A500-49AD-8063-21155832C6ED}.Debug|Any CPU.ActiveCfg = Debug|Any CPU
		{57A96A2E-A500-49AD-8063-21155832C6ED}.Debug|Any CPU.Build.0 = Debug|Any CPU
		{57A96A2E-A500-49AD-8063-21155832C6ED}.Release|Any CPU.ActiveCfg = Release|Any CPU
		{57A96A2E-A500-49AD-8063-21155832C6ED}.Release|Any CPU.Build.0 = Release|Any CPU
		{844E3999-7F13-48F8-B0A1-76D586A40F1D}.Debug|Any CPU.ActiveCfg = Debug|Any CPU
		{844E3999-7F13-48F8-B0A1-76D586A40F1D}.Debug|Any CPU.Build.0 = Debug|Any CPU
		{844E3999-7F13-48F8-B0A1-76D586A40F1D}.Release|Any CPU.ActiveCfg = Release|Any CPU
		{844E3999-7F13-48F8-B0A1-76D586A40F1D}.Release|Any CPU.Build.0 = Release|Any CPU
		{81B2C0E8-33C8-4D7D-97D0-82A41B086A07}.Debug|Any CPU.ActiveCfg = Debug|Any CPU
		{81B2C0E8-33C8-4D7D-97D0-82A41B086A07}.Debug|Any CPU.Build.0 = Debug|Any CPU
		{81B2C0E8-33C8-4D7D-97D0-82A41B086A07}.Release|Any CPU.ActiveCfg = Release|Any CPU
		{81B2C0E8-33C8-4D7D-97D0-82A41B086A07}.Release|Any CPU.Build.0 = Release|Any CPU
	EndGlobalSection
	GlobalSection(SolutionProperties) = preSolution
		HideSolutionNode = FALSE
	EndGlobalSection
	GlobalSection(ExtensibilityGlobals) = postSolution
		SolutionGuid = {275C36FF-8D71-467C-95C3-1ED02B9DA062}
	EndGlobalSection
EndGlobal
